// !$*UTF8*$!
{
	archiveVersion = 1;
	classes = {
	};
	objectVersion = 55;
	objects = {

/* Begin PBXBuildFile section */
		CBAEFE6B28DE429E00CDE1DD /* main.swift in Sources */ = {isa = PBXBuildFile; fileRef = CBAEFE6A28DE429E00CDE1DD /* main.swift */; };
		CBAEFE7228DE42DC00CDE1DD /* LolKarakterModel.swift in Sources */ = {isa = PBXBuildFile; fileRef = CBAEFE7128DE42DC00CDE1DD /* LolKarakterModel.swift */; };
		CBAEFE7428DE430B00CDE1DD /* ItemModel.swift in Sources */ = {isa = PBXBuildFile; fileRef = CBAEFE7328DE430B00CDE1DD /* ItemModel.swift */; };
		CBAEFE7628DE433C00CDE1DD /* GetItem.swift in Sources */ = {isa = PBXBuildFile; fileRef = CBAEFE7528DE433C00CDE1DD /* GetItem.swift */; };
		CBAEFE7828DE435E00CDE1DD /* ItemSort.swift in Sources */ = {isa = PBXBuildFile; fileRef = CBAEFE7728DE435E00CDE1DD /* ItemSort.swift */; };
/* End PBXBuildFile section */

/* Begin PBXCopyFilesBuildPhase section */
		CBAEFE6528DE429E00CDE1DD /* CopyFiles */ = {
			isa = PBXCopyFilesBuildPhase;
			buildActionMask = 2147483647;
			dstPath = /usr/share/man/man1/;
			dstSubfolderSpec = 0;
			files = (
			);
			runOnlyForDeploymentPostprocessing = 1;
		};
/* End PBXCopyFilesBuildPhase section */

/* Begin PBXFileReference section */
		CBAEFE6728DE429E00CDE1DD /* UseTerminal */ = {isa = PBXFileReference; explicitFileType = "compiled.mach-o.executable"; includeInIndex = 0; path = UseTerminal; sourceTree = BUILT_PRODUCTS_DIR; };
		CBAEFE6A28DE429E00CDE1DD /* main.swift */ = {isa = PBXFileReference; lastKnownFileType = sourcecode.swift; path = main.swift; sourceTree = "<group>"; };
		CBAEFE7128DE42DC00CDE1DD /* LolKarakterModel.swift */ = {isa = PBXFileReference; lastKnownFileType = sourcecode.swift; path = LolKarakterModel.swift; sourceTree = "<group>"; };
		CBAEFE7328DE430B00CDE1DD /* ItemModel.swift */ = {isa = PBXFileReference; lastKnownFileType = sourcecode.swift; path = ItemModel.swift; sourceTree = "<group>"; };
		CBAEFE7528DE433C00CDE1DD /* GetItem.swift */ = {isa = PBXFileReference; lastKnownFileType = sourcecode.swift; path = GetItem.swift; sourceTree = "<group>"; };
		CBAEFE7728DE435E00CDE1DD /* ItemSort.swift */ = {isa = PBXFileReference; lastKnownFileType = sourcecode.swift; path = ItemSort.swift; sourceTree = "<group>"; };
/* End PBXFileReference section */

/* Begin PBXFrameworksBuildPhase section */
		CBAEFE6428DE429E00CDE1DD /* Frameworks */ = {
			isa = PBXFrameworksBuildPhase;
			buildActionMask = 2147483647;
			files = (
			);
			runOnlyForDeploymentPostprocessing = 0;
		};
/* End PBXFrameworksBuildPhase section */

/* Begin PBXGroup section */
		CBAEFE5E28DE429E00CDE1DD = {
			isa = PBXGroup;
			children = (
				CBAEFE6928DE429E00CDE1DD /* UseTerminal */,
				CBAEFE6828DE429E00CDE1DD /* Products */,
			);
			sourceTree = "<group>";
		};
		CBAEFE6828DE429E00CDE1DD /* Products */ = {
			isa = PBXGroup;
			children = (
				CBAEFE6728DE429E00CDE1DD /* UseTerminal */,
			);
			name = Products;
			sourceTree = "<group>";
		};
		CBAEFE6928DE429E00CDE1DD /* UseTerminal */ = {
			isa = PBXGroup;
			children = (
				CBAEFE6A28DE429E00CDE1DD /* main.swift */,
				CBAEFE7128DE42DC00CDE1DD /* LolKarakterModel.swift */,
				CBAEFE7328DE430B00CDE1DD /* ItemModel.swift */,
				CBAEFE7528DE433C00CDE1DD /* GetItem.swift */,
				CBAEFE7728DE435E00CDE1DD /* ItemSort.swift */,
			);
			path = UseTerminal;
			sourceTree = "<group>";
		};
/* End PBXGroup section */

/* Begin PBXNativeTarget section */
		CBAEFE6628DE429E00CDE1DD /* UseTerminal */ = {
			isa = PBXNativeTarget;
			buildConfigurationList = CBAEFE6E28DE429E00CDE1DD /* Build configuration list for PBXNativeTarget "UseTerminal" */;
			buildPhases = (
				CBAEFE6328DE429E00CDE1DD /* Sources */,
				CBAEFE6428DE429E00CDE1DD /* Frameworks */,
				CBAEFE6528DE429E00CDE1DD /* CopyFiles */,
			);
			buildRules = (
			);
			dependencies = (
			);
			name = UseTerminal;
			productName = UseTerminal;
			productReference = CBAEFE6728DE429E00CDE1DD /* UseTerminal */;
			productType = "com.apple.product-type.tool";
		};
/* End PBXNativeTarget section */

/* Begin PBXProject section */
		CBAEFE5F28DE429E00CDE1DD /* Project object */ = {
			isa = PBXProject;
			attributes = {
				BuildIndependentTargetsInParallel = 1;
				LastSwiftUpdateCheck = 1340;
				LastUpgradeCheck = 1340;
				TargetAttributes = {
					CBAEFE6628DE429E00CDE1DD = {
						CreatedOnToolsVersion = 13.4.1;
					};
				};
			};
			buildConfigurationList = CBAEFE6228DE429E00CDE1DD /* Build configuration list for PBXProject "UseTerminal" */;
			compatibilityVersion = "Xcode 13.0";
			developmentRegion = en;
			hasScannedForEncodings = 0;
			knownRegions = (
				en,
				Base,
			);
			mainGroup = CBAEFE5E28DE429E00CDE1DD;
			productRefGroup = CBAEFE6828DE429E00CDE1DD /* Products */;
			projectDirPath = "";
			projectRoot = "";
			targets = (
				CBAEFE6628DE429E00CDE1DD /* UseTerminal */,
			);
		};
/* End PBXProject section */

/* Begin PBXSourcesBuildPhase section */
		CBAEFE6328DE429E00CDE1DD /* Sources */ = {
			isa = PBXSourcesBuildPhase;
			buildActionMask = 2147483647;
			files = (
				CBAEFE7428DE430B00CDE1DD /* ItemModel.swift in Sources */,
				CBAEFE7228DE42DC00CDE1DD /* LolKarakterModel.swift in Sources */,
				CBAEFE6B28DE429E00CDE1DD /* main.swift in Sources */,
				CBAEFE7828DE435E00CDE1DD /* ItemSort.swift in Sources */,
				CBAEFE7628DE433C00CDE1DD /* GetItem.swift in Sources */,
			);
			runOnlyForDeploymentPostprocessing = 0;
		};
/* End PBXSourcesBuildPhase section */

/* Begin XCBuildConfiguration section */
		CBAEFE6C28DE429E00CDE1DD /* Debug */ = {
			isa = XCBuildConfiguration;
			buildSettings = {
				ALWAYS_SEARCH_USER_PATHS = NO;
				CLANG_ANALYZER_NONNULL = YES;
				CLANG_ANALYZER_NUMBER_OBJECT_CONVERSION = YES_AGGRESSIVE;
				CLANG_CXX_LANGUAGE_STANDARD = "gnu++17";
				CLANG_ENABLE_MODULES = YES;
				CLANG_ENABLE_OBJC_ARC = YES;
				CLANG_ENABLE_OBJC_WEAK = YES;
				CLANG_WARN_BLOCK_CAPTURE_AUTORELEASING = YES;
				CLANG_WARN_BOOL_CONVERSION = YES;
				CLANG_WARN_COMMA = YES;
				CLANG_WARN_CONSTANT_CONVERSION = YES;
				CLANG_WARN_DEPRECATED_OBJC_IMPLEMENTATIONS = YES;
				CLANG_WARN_DIRECT_OBJC_ISA_USAGE = YES_ERROR;
				CLANG_WARN_DOCUMENTATION_COMMENTS = YES;
				CLANG_WARN_EMPTY_BODY = YES;
				CLANG_WARN_ENUM_CONVERSION = YES;
				CLANG_WARN_INFINITE_RECURSION = YES;
				CLANG_WARN_INT_CONVERSION = YES;
				CLANG_WARN_NON_LITERAL_NULL_CONVERSION = YES;
				CLANG_WARN_OBJC_IMPLICIT_RETAIN_SELF = YES;
				CLANG_WARN_OBJC_LITERAL_CONVERSION = YES;
				CLANG_WARN_OBJC_ROOT_CLASS = YES_ERROR;
				CLANG_WARN_QUOTED_INCLUDE_IN_FRAMEWORK_HEADER = YES;
				CLANG_WARN_RANGE_LOOP_ANALYSIS = YES;
				CLANG_WARN_STRICT_PROTOTYPES = YES;
				CLANG_WARN_SUSPICIOUS_MOVE = YES;
				CLANG_WARN_UNGUARDED_AVAILABILITY = YES_AGGRESSIVE;
				CLANG_WARN_UNREACHABLE_CODE = YES;
				CLANG_WARN__DUPLICATE_METHOD_MATCH = YES;
				COPY_PHASE_STRIP = NO;
				DEBUG_INFORMATION_FORMAT = dwarf;
				ENABLE_STRICT_OBJC_MSGSEND = YES;
				ENABLE_TESTABILITY = YES;
				GCC_C_LANGUAGE_STANDARD = gnu11;
				GCC_DYNAMIC_NO_PIC = NO;
				GCC_NO_COMMON_BLOCKS = YES;
				GCC_OPTIMIZATION_LEVEL = 0;
				GCC_PREPROCESSOR_DEFINITIONS = (
					"DEBUG=1",
					"$(inherited)",
				);
				GCC_WARN_64_TO_32_BIT_CONVERSION = YES;
				GCC_WARN_ABOUT_RETURN_TYPE = YES_ERROR;
				GCC_WARN_UNDECLARED_SELECTOR = YES;
				GCC_WARN_UNINITIALIZED_AUTOS = YES_AGGRESSIVE;
				GCC_WARN_UNUSED_FUNCTION = YES;
				GCC_WARN_UNUSED_VARIABLE = YES;
				MACOSX_DEPLOYMENT_TARGET = 12.3;
				MTL_ENABLE_DEBUG_INFO = INCLUDE_SOURCE;
				MTL_FAST_MATH = YES;
				ONLY_ACTIVE_ARCH = YES;
				SDKROOT = macosx;
				SWIFT_ACTIVE_COMPILATION_CONDITIONS = DEBUG;
				SWIFT_OPTIMIZATION_LEVEL = "-Onone";
			};
			name = Debug;
		};
		CBAEFE6D28DE429E00CDE1DD /* Release */ = {
			isa = XCBuildConfiguration;
			buildSettings = {
				ALWAYS_SEARCH_USER_PATHS = NO;
				CLANG_ANALYZER_NONNULL = YES;
				CLANG_ANALYZER_NUMBER_OBJECT_CONVERSION = YES_AGGRESSIVE;
				CLANG_CXX_LANGUAGE_STANDARD = "gnu++17";
				CLANG_ENABLE_MODULES = YES;
				CLANG_ENABLE_OBJC_ARC = YES;
				CLANG_ENABLE_OBJC_WEAK = YES;
				CLANG_WARN_BLOCK_CAPTURE_AUTORELEASING = YES;
				CLANG_WARN_BOOL_CONVERSION = YES;
				CLANG_WARN_COMMA = YES;
				CLANG_WARN_CONSTANT_CONVERSION = YES;
				CLANG_WARN_DEPRECATED_OBJC_IMPLEMENTATIONS = YES;
				CLANG_WARN_DIRECT_OBJC_ISA_USAGE = YES_ERROR;
				CLANG_WARN_DOCUMENTATION_COMMENTS = YES;
				CLANG_WARN_EMPTY_BODY = YES;
				CLANG_WARN_ENUM_CONVERSION = YES;
				CLANG_WARN_INFINITE_RECURSION = YES;
				CLANG_WARN_INT_CONVERSION = YES;
				CLANG_WARN_NON_LITERAL_NULL_CONVERSION = YES;
				CLANG_WARN_OBJC_IMPLICIT_RETAIN_SELF = YES;
				CLANG_WARN_OBJC_LITERAL_CONVERSION = YES;
				CLANG_WARN_OBJC_ROOT_CLASS = YES_ERROR;
				CLANG_WARN_QUOTED_INCLUDE_IN_FRAMEWORK_HEADER = YES;
				CLANG_WARN_RANGE_LOOP_ANALYSIS = YES;
				CLANG_WARN_STRICT_PROTOTYPES = YES;
				CLANG_WARN_SUSPICIOUS_MOVE = YES;
				CLANG_WARN_UNGUARDED_AVAILABILITY = YES_AGGRESSIVE;
				CLANG_WARN_UNREACHABLE_CODE = YES;
				CLANG_WARN__DUPLICATE_METHOD_MATCH = YES;
				COPY_PHASE_STRIP = NO;
				DEBUG_INFORMATION_FORMAT = "dwarf-with-dsym";
				ENABLE_NS_ASSERTIONS = NO;
				ENABLE_STRICT_OBJC_MSGSEND = YES;
				GCC_C_LANGUAGE_STANDARD = gnu11;
				GCC_NO_COMMON_BLOCKS = YES;
				GCC_WARN_64_TO_32_BIT_CONVERSION = YES;
				GCC_WARN_ABOUT_RETURN_TYPE = YES_ERROR;
				GCC_WARN_UNDECLARED_SELECTOR = YES;
				GCC_WARN_UNINITIALIZED_AUTOS = YES_AGGRESSIVE;
				GCC_WARN_UNUSED_FUNCTION = YES;
				GCC_WARN_UNUSED_VARIABLE = YES;
				MACOSX_DEPLOYMENT_TARGET = 12.3;
				MTL_ENABLE_DEBUG_INFO = NO;
				MTL_FAST_MATH = YES;
				SDKROOT = macosx;
				SWIFT_COMPILATION_MODE = wholemodule;
				SWIFT_OPTIMIZATION_LEVEL = "-O";
			};
			name = Release;
		};
		CBAEFE6F28DE429E00CDE1DD /* Debug */ = {
			isa = XCBuildConfiguration;
			buildSettings = {
				CODE_SIGN_STYLE = Automatic;
				PRODUCT_NAME = "$(TARGET_NAME)";
				SWIFT_VERSION = 5.0;
			};
			name = Debug;
		};
		CBAEFE7028DE429E00CDE1DD /* Release */ = {
			isa = XCBuildConfiguration;
			buildSettings = {
				CODE_SIGN_STYLE = Automatic;
				PRODUCT_NAME = "$(TARGET_NAME)";
				SWIFT_VERSION = 5.0;
			};
			name = Release;
		};
/* End XCBuildConfiguration section */

/* Begin XCConfigurationList section */
		CBAEFE6228DE429E00CDE1DD /* Build configuration list for PBXProject "UseTerminal" */ = {
			isa = XCConfigurationList;
			buildConfigurations = (
				CBAEFE6C28DE429E00CDE1DD /* Debug */,
				CBAEFE6D28DE429E00CDE1DD /* Release */,
			);
			defaultConfigurationIsVisible = 0;
			defaultConfigurationName = Release;
		};
		CBAEFE6E28DE429E00CDE1DD /* Build configuration list for PBXNativeTarget "UseTerminal" */ = {
			isa = XCConfigurationList;
			buildConfigurations = (
				CBAEFE6F28DE429E00CDE1DD /* Debug */,
				CBAEFE7028DE429E00CDE1DD /* Release */,
			);
			defaultConfigurationIsVisible = 0;
			defaultConfigurationName = Release;
		};
/* End XCConfigurationList section */
	};
	rootObject = CBAEFE5F28DE429E00CDE1DD /* Project object */;
}
