// !$*UTF8*$!
{
	archiveVersion = 1;
	classes = {
	};
	objectVersion = 55;
	objects = {

/* Begin PBXBuildFile section */
		CBAEFE8628DE447500CDE1DD /* main.swift in Sources */ = {isa = PBXBuildFile; fileRef = CBAEFE8528DE447500CDE1DD /* main.swift */; };
		CBAEFE8D28DE449200CDE1DD /* ItemModel.swift in Sources */ = {isa = PBXBuildFile; fileRef = CBAEFE8C28DE449200CDE1DD /* ItemModel.swift */; };
		CBAEFE8F28DE44A000CDE1DD /* LolKarakterModel.swift in Sources */ = {isa = PBXBuildFile; fileRef = CBAEFE8E28DE44A000CDE1DD /* LolKarakterModel.swift */; };
		CBAEFE9128DE44C300CDE1DD /* GetItem.swift in Sources */ = {isa = PBXBuildFile; fileRef = CBAEFE9028DE44C300CDE1DD /* GetItem.swift */; };
		CBAEFE9328DE44D400CDE1DD /* ItemSort.swift in Sources */ = {isa = PBXBuildFile; fileRef = CBAEFE9228DE44D400CDE1DD /* ItemSort.swift */; };
/* End PBXBuildFile section */

/* Begin PBXCopyFilesBuildPhase section */
		CBAEFE8028DE447500CDE1DD /* CopyFiles */ = {
			isa = PBXCopyFilesBuildPhase;
			buildActionMask = 2147483647;
			dstPath = /usr/share/man/man1/;
			dstSubfolderSpec = 0;
			files = (
			);
			runOnlyForDeploymentPostprocessing = 1;
		};
/* End PBXCopyFilesBuildPhase section */

/* Begin PBXFileReference section */
		CBAEFE8228DE447500CDE1DD /* TerminalUse */ = {isa = PBXFileReference; explicitFileType = "compiled.mach-o.executable"; includeInIndex = 0; path = TerminalUse; sourceTree = BUILT_PRODUCTS_DIR; };
		CBAEFE8528DE447500CDE1DD /* main.swift */ = {isa = PBXFileReference; lastKnownFileType = sourcecode.swift; path = main.swift; sourceTree = "<group>"; };
		CBAEFE8C28DE449200CDE1DD /* ItemModel.swift */ = {isa = PBXFileReference; lastKnownFileType = sourcecode.swift; path = ItemModel.swift; sourceTree = "<group>"; };
		CBAEFE8E28DE44A000CDE1DD /* LolKarakterModel.swift */ = {isa = PBXFileReference; lastKnownFileType = sourcecode.swift; path = LolKarakterModel.swift; sourceTree = "<group>"; };
		CBAEFE9028DE44C300CDE1DD /* GetItem.swift */ = {isa = PBXFileReference; lastKnownFileType = sourcecode.swift; path = GetItem.swift; sourceTree = "<group>"; };
		CBAEFE9228DE44D400CDE1DD /* ItemSort.swift */ = {isa = PBXFileReference; lastKnownFileType = sourcecode.swift; path = ItemSort.swift; sourceTree = "<group>"; };
/* End PBXFileReference section */

/* Begin PBXFrameworksBuildPhase section */
		CBAEFE7F28DE447500CDE1DD /* Frameworks */ = {
			isa = PBXFrameworksBuildPhase;
			buildActionMask = 2147483647;
			files = (
			);
			runOnlyForDeploymentPostprocessing = 0;
		};
/* End PBXFrameworksBuildPhase section */

/* Begin PBXGroup section */
		CBAEFE7928DE447500CDE1DD = {
			isa = PBXGroup;
			children = (
				CBAEFE8428DE447500CDE1DD /* TerminalUse */,
				CBAEFE8328DE447500CDE1DD /* Products */,
			);
			sourceTree = "<group>";
		};
		CBAEFE8328DE447500CDE1DD /* Products */ = {
			isa = PBXGroup;
			children = (
				CBAEFE8228DE447500CDE1DD /* TerminalUse */,
			);
			name = Products;
			sourceTree = "<group>";
		};
		CBAEFE8428DE447500CDE1DD /* TerminalUse */ = {
			isa = PBXGroup;
			children = (
				CBAEFE8528DE447500CDE1DD /* main.swift */,
				CBAEFE8C28DE449200CDE1DD /* ItemModel.swift */,
				CBAEFE8E28DE44A000CDE1DD /* LolKarakterModel.swift */,
				CBAEFE9028DE44C300CDE1DD /* GetItem.swift */,
				CBAEFE9228DE44D400CDE1DD /* ItemSort.swift */,
			);
			path = TerminalUse;
			sourceTree = "<group>";
		};
/* End PBXGroup section */

/* Begin PBXNativeTarget section */
		CBAEFE8128DE447500CDE1DD /* TerminalUse */ = {
			isa = PBXNativeTarget;
			buildConfigurationList = CBAEFE8928DE447500CDE1DD /* Build configuration list for PBXNativeTarget "TerminalUse" */;
			buildPhases = (
				CBAEFE7E28DE447500CDE1DD /* Sources */,
				CBAEFE7F28DE447500CDE1DD /* Frameworks */,
				CBAEFE8028DE447500CDE1DD /* CopyFiles */,
			);
			buildRules = (
			);
			dependencies = (
			);
			name = TerminalUse;
			productName = TerminalUse;
			productReference = CBAEFE8228DE447500CDE1DD /* TerminalUse */;
			productType = "com.apple.product-type.tool";
		};
/* End PBXNativeTarget section */

/* Begin PBXProject section */
		CBAEFE7A28DE447500CDE1DD /* Project object */ = {
			isa = PBXProject;
			attributes = {
				BuildIndependentTargetsInParallel = 1;
				LastSwiftUpdateCheck = 1340;
				LastUpgradeCheck = 1340;
				TargetAttributes = {
					CBAEFE8128DE447500CDE1DD = {
						CreatedOnToolsVersion = 13.4.1;
					};
				};
			};
			buildConfigurationList = CBAEFE7D28DE447500CDE1DD /* Build configuration list for PBXProject "TerminalUse" */;
			compatibilityVersion = "Xcode 13.0";
			developmentRegion = en;
			hasScannedForEncodings = 0;
			knownRegions = (
				en,
				Base,
			);
			mainGroup = CBAEFE7928DE447500CDE1DD;
			productRefGroup = CBAEFE8328DE447500CDE1DD /* Products */;
			projectDirPath = "";
			projectRoot = "";
			targets = (
				CBAEFE8128DE447500CDE1DD /* TerminalUse */,
			);
		};
/* End PBXProject section */

/* Begin PBXSourcesBuildPhase section */
		CBAEFE7E28DE447500CDE1DD /* Sources */ = {
			isa = PBXSourcesBuildPhase;
			buildActionMask = 2147483647;
			files = (
				CBAEFE8D28DE449200CDE1DD /* ItemModel.swift in Sources */,
				CBAEFE8628DE447500CDE1DD /* main.swift in Sources */,
				CBAEFE8F28DE44A000CDE1DD /* LolKarakterModel.swift in Sources */,
				CBAEFE9328DE44D400CDE1DD /* ItemSort.swift in Sources */,
				CBAEFE9128DE44C300CDE1DD /* GetItem.swift in Sources */,
			);
			runOnlyForDeploymentPostprocessing = 0;
		};
/* End PBXSourcesBuildPhase section */

/* Begin XCBuildConfiguration section */
		CBAEFE8728DE447500CDE1DD /* Debug */ = {
			isa = XCBuildConfiguration;
			buildSettings = {
				ALWAYS_SEARCH_USER_PATHS = NO;
				CLANG_ANALYZER_NONNULL = YES;
				CLANG_ANALYZER_NUMBER_OBJECT_CONVERSION = YES_AGGRESSIVE;
				CLANG_CXX_LANGUAGE_STANDARD = "gnu++17";
				CLANG_ENABLE_MODULES = YES;
				CLANG_ENABLE_OBJC_ARC = YES;
				CLANG_ENABLE_OBJC_WEAK = YES;
				CLANG_WARN_BLOCK_CAPTURE_AUTORELEASING = YES;
				CLANG_WARN_BOOL_CONVERSION = YES;
				CLANG_WARN_COMMA = YES;
				CLANG_WARN_CONSTANT_CONVERSION = YES;
				CLANG_WARN_DEPRECATED_OBJC_IMPLEMENTATIONS = YES;
				CLANG_WARN_DIRECT_OBJC_ISA_USAGE = YES_ERROR;
				CLANG_WARN_DOCUMENTATION_COMMENTS = YES;
				CLANG_WARN_EMPTY_BODY = YES;
				CLANG_WARN_ENUM_CONVERSION = YES;
				CLANG_WARN_INFINITE_RECURSION = YES;
				CLANG_WARN_INT_CONVERSION = YES;
				CLANG_WARN_NON_LITERAL_NULL_CONVERSION = YES;
				CLANG_WARN_OBJC_IMPLICIT_RETAIN_SELF = YES;
				CLANG_WARN_OBJC_LITERAL_CONVERSION = YES;
				CLANG_WARN_OBJC_ROOT_CLASS = YES_ERROR;
				CLANG_WARN_QUOTED_INCLUDE_IN_FRAMEWORK_HEADER = YES;
				CLANG_WARN_RANGE_LOOP_ANALYSIS = YES;
				CLANG_WARN_STRICT_PROTOTYPES = YES;
				CLANG_WARN_SUSPICIOUS_MOVE = YES;
				CLANG_WARN_UNGUARDED_AVAILABILITY = YES_AGGRESSIVE;
				CLANG_WARN_UNREACHABLE_CODE = YES;
				CLANG_WARN__DUPLICATE_METHOD_MATCH = YES;
				COPY_PHASE_STRIP = NO;
				DEBUG_INFORMATION_FORMAT = dwarf;
				ENABLE_STRICT_OBJC_MSGSEND = YES;
				ENABLE_TESTABILITY = YES;
				GCC_C_LANGUAGE_STANDARD = gnu11;
				GCC_DYNAMIC_NO_PIC = NO;
				GCC_NO_COMMON_BLOCKS = YES;
				GCC_OPTIMIZATION_LEVEL = 0;
				GCC_PREPROCESSOR_DEFINITIONS = (
					"DEBUG=1",
					"$(inherited)",
				);
				GCC_WARN_64_TO_32_BIT_CONVERSION = YES;
				GCC_WARN_ABOUT_RETURN_TYPE = YES_ERROR;
				GCC_WARN_UNDECLARED_SELECTOR = YES;
				GCC_WARN_UNINITIALIZED_AUTOS = YES_AGGRESSIVE;
				GCC_WARN_UNUSED_FUNCTION = YES;
				GCC_WARN_UNUSED_VARIABLE = YES;
				MACOSX_DEPLOYMENT_TARGET = 12.3;
				MTL_ENABLE_DEBUG_INFO = INCLUDE_SOURCE;
				MTL_FAST_MATH = YES;
				ONLY_ACTIVE_ARCH = YES;
				SDKROOT = macosx;
				SWIFT_ACTIVE_COMPILATION_CONDITIONS = DEBUG;
				SWIFT_OPTIMIZATION_LEVEL = "-Onone";
			};
			name = Debug;
		};
		CBAEFE8828DE447500CDE1DD /* Release */ = {
			isa = XCBuildConfiguration;
			buildSettings = {
				ALWAYS_SEARCH_USER_PATHS = NO;
				CLANG_ANALYZER_NONNULL = YES;
				CLANG_ANALYZER_NUMBER_OBJECT_CONVERSION = YES_AGGRESSIVE;
				CLANG_CXX_LANGUAGE_STANDARD = "gnu++17";
				CLANG_ENABLE_MODULES = YES;
				CLANG_ENABLE_OBJC_ARC = YES;
				CLANG_ENABLE_OBJC_WEAK = YES;
				CLANG_WARN_BLOCK_CAPTURE_AUTORELEASING = YES;
				CLANG_WARN_BOOL_CONVERSION = YES;
				CLANG_WARN_COMMA = YES;
				CLANG_WARN_CONSTANT_CONVERSION = YES;
				CLANG_WARN_DEPRECATED_OBJC_IMPLEMENTATIONS = YES;
				CLANG_WARN_DIRECT_OBJC_ISA_USAGE = YES_ERROR;
				CLANG_WARN_DOCUMENTATION_COMMENTS = YES;
				CLANG_WARN_EMPTY_BODY = YES;
				CLANG_WARN_ENUM_CONVERSION = YES;
				CLANG_WARN_INFINITE_RECURSION = YES;
				CLANG_WARN_INT_CONVERSION = YES;
				CLANG_WARN_NON_LITERAL_NULL_CONVERSION = YES;
				CLANG_WARN_OBJC_IMPLICIT_RETAIN_SELF = YES;
				CLANG_WARN_OBJC_LITERAL_CONVERSION = YES;
				CLANG_WARN_OBJC_ROOT_CLASS = YES_ERROR;
				CLANG_WARN_QUOTED_INCLUDE_IN_FRAMEWORK_HEADER = YES;
				CLANG_WARN_RANGE_LOOP_ANALYSIS = YES;
				CLANG_WARN_STRICT_PROTOTYPES = YES;
				CLANG_WARN_SUSPICIOUS_MOVE = YES;
				CLANG_WARN_UNGUARDED_AVAILABILITY = YES_AGGRESSIVE;
				CLANG_WARN_UNREACHABLE_CODE = YES;
				CLANG_WARN__DUPLICATE_METHOD_MATCH = YES;
				COPY_PHASE_STRIP = NO;
				DEBUG_INFORMATION_FORMAT = "dwarf-with-dsym";
				ENABLE_NS_ASSERTIONS = NO;
				ENABLE_STRICT_OBJC_MSGSEND = YES;
				GCC_C_LANGUAGE_STANDARD = gnu11;
				GCC_NO_COMMON_BLOCKS = YES;
				GCC_WARN_64_TO_32_BIT_CONVERSION = YES;
				GCC_WARN_ABOUT_RETURN_TYPE = YES_ERROR;
				GCC_WARN_UNDECLARED_SELECTOR = YES;
				GCC_WARN_UNINITIALIZED_AUTOS = YES_AGGRESSIVE;
				GCC_WARN_UNUSED_FUNCTION = YES;
				GCC_WARN_UNUSED_VARIABLE = YES;
				MACOSX_DEPLOYMENT_TARGET = 12.3;
				MTL_ENABLE_DEBUG_INFO = NO;
				MTL_FAST_MATH = YES;
				SDKROOT = macosx;
				SWIFT_COMPILATION_MODE = wholemodule;
				SWIFT_OPTIMIZATION_LEVEL = "-O";
			};
			name = Release;
		};
		CBAEFE8A28DE447500CDE1DD /* Debug */ = {
			isa = XCBuildConfiguration;
			buildSettings = {
				CODE_SIGN_STYLE = Automatic;
				PRODUCT_NAME = "$(TARGET_NAME)";
				SWIFT_VERSION = 5.0;
			};
			name = Debug;
		};
		CBAEFE8B28DE447500CDE1DD /* Release */ = {
			isa = XCBuildConfiguration;
			buildSettings = {
				CODE_SIGN_STYLE = Automatic;
				PRODUCT_NAME = "$(TARGET_NAME)";
				SWIFT_VERSION = 5.0;
			};
			name = Release;
		};
/* End XCBuildConfiguration section */

/* Begin XCConfigurationList section */
		CBAEFE7D28DE447500CDE1DD /* Build configuration list for PBXProject "TerminalUse" */ = {
			isa = XCConfigurationList;
			buildConfigurations = (
				CBAEFE8728DE447500CDE1DD /* Debug */,
				CBAEFE8828DE447500CDE1DD /* Release */,
			);
			defaultConfigurationIsVisible = 0;
			defaultConfigurationName = Release;
		};
		CBAEFE8928DE447500CDE1DD /* Build configuration list for PBXNativeTarget "TerminalUse" */ = {
			isa = XCConfigurationList;
			buildConfigurations = (
				CBAEFE8A28DE447500CDE1DD /* Debug */,
				CBAEFE8B28DE447500CDE1DD /* Release */,
			);
			defaultConfigurationIsVisible = 0;
			defaultConfigurationName = Release;
		};
/* End XCConfigurationList section */
	};
	rootObject = CBAEFE7A28DE447500CDE1DD /* Project object */;
}
